<?xml version="1.0" encoding="utf-8"?>
<Project ToolsVersion="4.0" xmlns="http://schemas.microsoft.com/developer/msbuild/2003">
  <ItemGroup>
    <Filter Include="Source">
      <UniqueIdentifier>{1a3c4d5e-6f70-4811-9201-aabbccdd2201}</UniqueIdentifier>
      <Extensions>*.cpp</Extensions>
    </Filter>
    <Filter Include="Header">
      <UniqueIdentifier>{1a3c4d5e-6f70-4811-9201-aabbccdd2202}</UniqueIdentifier>
      <Extensions>*.h</Extensions>
    </Filter>
  </ItemGroup>
  <ItemGroup>
    <ClCompile Include="AudioBufferXA2.cpp">
      <Filter>Source</Filter>
    </ClCompile>
    <ClCompile Include="AudioDeviceXA2.cpp">
      <Filter>Source</Filter>
    </ClCompile>
  </ItemGroup>
  <ItemGroup>
    <ClInclude Include="AudioBufferXA2.h">
      <Filter>Header</Filter>
    </ClInclude>
    <ClInclude Include="AudioDeviceXA2.h">
      <Filter>Header</Filter>
    </ClInclude>
  </ItemGroup>
</Project>
